
Microsoft Visual Studio Solution File, Format Version 12.00
# Visual Studio Version 17
VisualStudioVersion = 17.8.34322.80
MinimumVisualStudioVersion = 10.0.40219.1
Project("{9A19103F-16F7-4668-BE54-9A1E7A4F7556}") = "AirportApp", "AirportApp\AirportApp.csproj", "{F7DC7D2C-5024-42EB-8DC6-DB64C66B3017}"
EndProject
Project("{FAE04EC0-301F-11D3-BF4B-00C04F79EFBC}") = "AirportAPI", "AirportAPI\AirportAPI.csproj", "{B1ACB20B-1B31-4402-8C53-C9CF0DAD9649}"
EndProject
Project("{FAE04EC0-301F-11D3-BF4B-00C04F79EFBC}") = "AirportModel", "AirportModel\AirportModel.csproj", "{EE6E22F2-A74B-44BB-844E-C8EA7FAEA5B8}"
EndProject
Global
	GlobalSection(SolutionConfigurationPlatforms) = preSolution
		Debug|Any CPU = Debug|Any CPU
		Release|Any CPU = Release|Any CPU
	EndGlobalSection
	GlobalSection(ProjectConfigurationPlatforms) = postSolution
		{F7DC7D2C-5024-42EB-8DC6-DB64C66B3017}.Debug|Any CPU.ActiveCfg = Debug|Any CPU
		{F7DC7D2C-5024-42EB-8DC6-DB64C66B3017}.Debug|Any CPU.Build.0 = Debug|Any CPU
		{F7DC7D2C-5024-42EB-8DC6-DB64C66B3017}.Release|Any CPU.ActiveCfg = Release|Any CPU
		{F7DC7D2C-5024-42EB-8DC6-DB64C66B3017}.Release|Any CPU.Build.0 = Release|Any CPU
		{B1ACB20B-1B31-4402-8C53-C9CF0DAD9649}.Debug|Any CPU.ActiveCfg = Debug|Any CPU
		{B1ACB20B-1B31-4402-8C53-C9CF0DAD9649}.Debug|Any CPU.Build.0 = Debug|Any CPU
		{B1ACB20B-1B31-4402-8C53-C9CF0DAD9649}.Release|Any CPU.ActiveCfg = Release|Any CPU
		{B1ACB20B-1B31-4402-8C53-C9CF0DAD9649}.Release|Any CPU.Build.0 = Release|Any CPU
		{EE6E22F2-A74B-44BB-844E-C8EA7FAEA5B8}.Debug|Any CPU.ActiveCfg = Debug|Any CPU
		{EE6E22F2-A74B-44BB-844E-C8EA7FAEA5B8}.Debug|Any CPU.Build.0 = Debug|Any CPU
		{EE6E22F2-A74B-44BB-844E-C8EA7FAEA5B8}.Release|Any CPU.ActiveCfg = Release|Any CPU
		{EE6E22F2-A74B-44BB-844E-C8EA7FAEA5B8}.Release|Any CPU.Build.0 = Release|Any CPU
	EndGlobalSection
	GlobalSection(SolutionProperties) = preSolution
		HideSolutionNode = FALSE
	EndGlobalSection
	GlobalSection(ExtensibilityGlobals) = postSolution
		SolutionGuid = {8B21D3B9-F36B-486C-8F81-856C4892B0FD}
	EndGlobalSection
EndGlobal
